// !$*UTF8*$!
{
	archiveVersion = 1;
	classes = {
	};
	objectVersion = 46;
	objects = {

/* Begin PBXBuildFile section */
		278BDF101B43A4560093E5C2 /* main.m in Sources */ = {isa = PBXBuildFile; fileRef = 278BDF0F1B43A4560093E5C2 /* main.m */; };
		278BDF131B43A4560093E5C2 /* AppDelegate.m in Sources */ = {isa = PBXBuildFile; fileRef = 278BDF121B43A4560093E5C2 /* AppDelegate.m */; };
		278BDF161B43A4560093E5C2 /* ViewController.m in Sources */ = {isa = PBXBuildFile; fileRef = 278BDF151B43A4560093E5C2 /* ViewController.m */; };
		278BDF191B43A4560093E5C2 /* Main.storyboard in Resources */ = {isa = PBXBuildFile; fileRef = 278BDF171B43A4560093E5C2 /* Main.storyboard */; };
		278BDF1B1B43A4560093E5C2 /* Images.xcassets in Resources */ = {isa = PBXBuildFile; fileRef = 278BDF1A1B43A4560093E5C2 /* Images.xcassets */; };
		278BDF1E1B43A4560093E5C2 /* LaunchScreen.xib in Resources */ = {isa = PBXBuildFile; fileRef = 278BDF1C1B43A4560093E5C2 /* LaunchScreen.xib */; };
		278BDF2A1B43A4560093E5C2 /* ___Tests.m in Sources */ = {isa = PBXBuildFile; fileRef = 278BDF291B43A4560093E5C2 /* ___Tests.m */; };
/* End PBXBuildFile section */

/* Begin PBXContainerItemProxy section */
		278BDF241B43A4560093E5C2 /* PBXContainerItemProxy */ = {
			isa = PBXContainerItemProxy;
			containerPortal = 278BDF021B43A4560093E5C2 /* Project object */;
			proxyType = 1;
			remoteGlobalIDString = 278BDF091B43A4560093E5C2;
			remoteInfo = "@_@";
		};
/* End PBXContainerItemProxy section */

/* Begin PBXFileReference section */
		278BDF0A1B43A4560093E5C2 /* @_@.app */ = {isa = PBXFileReference; explicitFileType = wrapper.application; includeInIndex = 0; path = "@_@.app"; sourceTree = BUILT_PRODUCTS_DIR; };
		278BDF0E1B43A4560093E5C2 /* Info.plist */ = {isa = PBXFileReference; lastKnownFileType = text.plist.xml; path = Info.plist; sourceTree = "<group>"; };
		278BDF0F1B43A4560093E5C2 /* main.m */ = {isa = PBXFileReference; lastKnownFileType = sourcecode.c.objc; path = main.m; sourceTree = "<group>"; };
		278BDF111B43A4560093E5C2 /* AppDelegate.h */ = {isa = PBXFileReference; lastKnownFileType = sourcecode.c.h; path = AppDelegate.h; sourceTree = "<group>"; };
		278BDF121B43A4560093E5C2 /* AppDelegate.m */ = {isa = PBXFileReference; lastKnownFileType = sourcecode.c.objc; path = AppDelegate.m; sourceTree = "<group>"; };
		278BDF141B43A4560093E5C2 /* ViewController.h */ = {isa = PBXFileReference; lastKnownFileType = sourcecode.c.h; path = ViewController.h; sourceTree = "<group>"; };
		278BDF151B43A4560093E5C2 /* ViewController.m */ = {isa = PBXFileReference; lastKnownFileType = sourcecode.c.objc; path = ViewController.m; sourceTree = "<group>"; };
		278BDF181B43A4560093E5C2 /* Base */ = {isa = PBXFileReference; lastKnownFileType = file.storyboard; name = Base; path = Base.lproj/Main.storyboard; sourceTree = "<group>"; };
		278BDF1A1B43A4560093E5C2 /* Images.xcassets */ = {isa = PBXFileReference; lastKnownFileType = folder.assetcatalog; path = Images.xcassets; sourceTree = "<group>"; };
		278BDF1D1B43A4560093E5C2 /* Base */ = {isa = PBXFileReference; lastKnownFileType = file.xib; name = Base; path = Base.lproj/LaunchScreen.xib; sourceTree = "<group>"; };
		278BDF231B43A4560093E5C2 /* @_@Tests.xctest */ = {isa = PBXFileReference; explicitFileType = wrapper.cfbundle; includeInIndex = 0; path = "@_@Tests.xctest"; sourceTree = BUILT_PRODUCTS_DIR; };
		278BDF281B43A4560093E5C2 /* Info.plist */ = {isa = PBXFileReference; lastKnownFileType = text.plist.xml; path = Info.plist; sourceTree = "<group>"; };
		278BDF291B43A4560093E5C2 /* ___Tests.m */ = {isa = PBXFileReference; lastKnownFileType = sourcecode.c.objc; path = "___Tests.m"; sourceTree = "<group>"; };
/* End PBXFileReference section */

/* Begin PBXFrameworksBuildPhase section */
		278BDF071B43A4560093E5C2 /* Frameworks */ = {
			isa = PBXFrameworksBuildPhase;
			buildActionMask = 2147483647;
			files = (
			);
			runOnlyForDeploymentPostprocessing = 0;
		};
		278BDF201B43A4560093E5C2 /* Frameworks */ = {
			isa = PBXFrameworksBuildPhase;
			buildActionMask = 2147483647;
			files = (
			);
			runOnlyForDeploymentPostprocessing = 0;
		};
/* End PBXFrameworksBuildPhase section */

/* Begin PBXGroup section */
		278BDF011B43A4560093E5C2 = {
			isa = PBXGroup;
			children = (
				278BDF0C1B43A4560093E5C2 /* @_@ */,
				278BDF261B43A4560093E5C2 /* @_@Tests */,
				278BDF0B1B43A4560093E5C2 /* Products */,
			);
			sourceTree = "<group>";
		};
		278BDF0B1B43A4560093E5C2 /* Products */ = {
			isa = PBXGroup;
			children = (
				278BDF0A1B43A4560093E5C2 /* @_@.app */,
				278BDF231B43A4560093E5C2 /* @_@Tests.xctest */,
			);
			name = Products;
			sourceTree = "<group>";
		};
		278BDF0C1B43A4560093E5C2 /* @_@ */ = {
			isa = PBXGroup;
			children = (
				278BDF111B43A4560093E5C2 /* AppDelegate.h */,
				278BDF121B43A4560093E5C2 /* AppDelegate.m */,
				278BDF141B43A4560093E5C2 /* ViewController.h */,
				278BDF151B43A4560093E5C2 /* ViewController.m */,
				278BDF171B43A4560093E5C2 /* Main.storyboard */,
				278BDF1A1B43A4560093E5C2 /* Images.xcassets */,
				278BDF1C1B43A4560093E5C2 /* LaunchScreen.xib */,
				278BDF0D1B43A4560093E5C2 /* Supporting Files */,
			);
			path = "@_@";
			sourceTree = "<group>";
		};
		278BDF0D1B43A4560093E5C2 /* Supporting Files */ = {
			isa = PBXGroup;
			children = (
				278BDF0E1B43A4560093E5C2 /* Info.plist */,
				278BDF0F1B43A4560093E5C2 /* main.m */,
			);
			name = "Supporting Files";
			sourceTree = "<group>";
		};
		278BDF261B43A4560093E5C2 /* @_@Tests */ = {
			isa = PBXGroup;
			children = (
				278BDF291B43A4560093E5C2 /* ___Tests.m */,
				278BDF271B43A4560093E5C2 /* Supporting Files */,
			);
			path = "@_@Tests";
			sourceTree = "<group>";
		};
		278BDF271B43A4560093E5C2 /* Supporting Files */ = {
			isa = PBXGroup;
			children = (
				278BDF281B43A4560093E5C2 /* Info.plist */,
			);
			name = "Supporting Files";
			sourceTree = "<group>";
		};
/* End PBXGroup section */

/* Begin PBXNativeTarget section */
		278BDF091B43A4560093E5C2 /* @_@ */ = {
			isa = PBXNativeTarget;
			buildConfigurationList = 278BDF2D1B43A4560093E5C2 /* Build configuration list for PBXNativeTarget "@_@" */;
			buildPhases = (
				278BDF061B43A4560093E5C2 /* Sources */,
				278BDF071B43A4560093E5C2 /* Frameworks */,
				278BDF081B43A4560093E5C2 /* Resources */,
			);
			buildRules = (
			);
			dependencies = (
			);
			name = "@_@";
			productName = "@_@";
			productReference = 278BDF0A1B43A4560093E5C2 /* @_@.app */;
			productType = "com.apple.product-type.application";
		};
		278BDF221B43A4560093E5C2 /* @_@Tests */ = {
			isa = PBXNativeTarget;
			buildConfigurationList = 278BDF301B43A4560093E5C2 /* Build configuration list for PBXNativeTarget "@_@Tests" */;
			buildPhases = (
				278BDF1F1B43A4560093E5C2 /* Sources */,
				278BDF201B43A4560093E5C2 /* Frameworks */,
				278BDF211B43A4560093E5C2 /* Resources */,
			);
			buildRules = (
			);
			dependencies = (
				278BDF251B43A4560093E5C2 /* PBXTargetDependency */,
			);
			name = "@_@Tests";
			productName = "@_@Tests";
			productReference = 278BDF231B43A4560093E5C2 /* @_@Tests.xctest */;
			productType = "com.apple.product-type.bundle.unit-test";
		};
/* End PBXNativeTarget section */

/* Begin PBXProject section */
		278BDF021B43A4560093E5C2 /* Project object */ = {
			isa = PBXProject;
			attributes = {
				LastUpgradeCheck = 0630;
				ORGANIZATIONNAME = kiki;
				TargetAttributes = {
					278BDF091B43A4560093E5C2 = {
						CreatedOnToolsVersion = 6.3.2;
					};
					278BDF221B43A4560093E5C2 = {
						CreatedOnToolsVersion = 6.3.2;
						TestTargetID = 278BDF091B43A4560093E5C2;
					};
				};
			};
			buildConfigurationList = 278BDF051B43A4560093E5C2 /* Build configuration list for PBXProject "@_@" */;
			compatibilityVersion = "Xcode 3.2";
			developmentRegion = English;
			hasScannedForEncodings = 0;
			knownRegions = (
				en,
				Base,
			);
			mainGroup = 278BDF011B43A4560093E5C2;
			productRefGroup = 278BDF0B1B43A4560093E5C2 /* Products */;
			projectDirPath = "";
			projectRoot = "";
			targets = (
				278BDF091B43A4560093E5C2 /* @_@ */,
				278BDF221B43A4560093E5C2 /* @_@Tests */,
			);
		};
/* End PBXProject section */

/* Begin PBXResourcesBuildPhase section */
		278BDF081B43A4560093E5C2 /* Resources */ = {
			isa = PBXResourcesBuildPhase;
			buildActionMask = 2147483647;
			files = (
				278BDF191B43A4560093E5C2 /* Main.storyboard in Resources */,
				278BDF1E1B43A4560093E5C2 /* LaunchScreen.xib in Resources */,
				278BDF1B1B43A4560093E5C2 /* Images.xcassets in Resources */,
			);
			runOnlyForDeploymentPostprocessing = 0;
		};
		278BDF211B43A4560093E5C2 /* Resources */ = {
			isa = PBXResourcesBuildPhase;
			buildActionMask = 2147483647;
			files = (
			);
			runOnlyForDeploymentPostprocessing = 0;
		};
/* End PBXResourcesBuildPhase section */

/* Begin PBXSourcesBuildPhase section */
		278BDF061B43A4560093E5C2 /* Sources */ = {
			isa = PBXSourcesBuildPhase;
			buildActionMask = 2147483647;
			files = (
				278BDF161B43A4560093E5C2 /* ViewController.m in Sources */,
				278BDF131B43A4560093E5C2 /* AppDelegate.m in Sources */,
				278BDF101B43A4560093E5C2 /* main.m in Sources */,
			);
			runOnlyForDeploymentPostprocessing = 0;
		};
		278BDF1F1B43A4560093E5C2 /* Sources */ = {
			isa = PBXSourcesBuildPhase;
			buildActionMask = 2147483647;
			files = (
				278BDF2A1B43A4560093E5C2 /* ___Tests.m in Sources */,
			);
			runOnlyForDeploymentPostprocessing = 0;
		};
/* End PBXSourcesBuildPhase section */

/* Begin PBXTargetDependency section */
		278BDF251B43A4560093E5C2 /* PBXTargetDependency */ = {
			isa = PBXTargetDependency;
			target = 278BDF091B43A4560093E5C2 /* @_@ */;
			targetProxy = 278BDF241B43A4560093E5C2 /* PBXContainerItemProxy */;
		};
/* End PBXTargetDependency section */

/* Begin PBXVariantGroup section */
		278BDF171B43A4560093E5C2 /* Main.storyboard */ = {
			isa = PBXVariantGroup;
			children = (
				278BDF181B43A4560093E5C2 /* Base */,
			);
			name = Main.storyboard;
			sourceTree = "<group>";
		};
		278BDF1C1B43A4560093E5C2 /* LaunchScreen.xib */ = {
			isa = PBXVariantGroup;
			children = (
				278BDF1D1B43A4560093E5C2 /* Base */,
			);
			name = LaunchScreen.xib;
			sourceTree = "<group>";
		};
/* End PBXVariantGroup section */

/* Begin XCBuildConfiguration section */
		278BDF2B1B43A4560093E5C2 /* Debug */ = {
			isa = XCBuildConfiguration;
			buildSettings = {
				ALWAYS_SEARCH_USER_PATHS = NO;
				CLANG_CXX_LANGUAGE_STANDARD = "gnu++0x";
				CLANG_CXX_LIBRARY = "libc++";
				CLANG_ENABLE_MODULES = YES;
				CLANG_ENABLE_OBJC_ARC = YES;
				CLANG_WARN_BOOL_CONVERSION = YES;
				CLANG_WARN_CONSTANT_CONVERSION = YES;
				CLANG_WARN_DIRECT_OBJC_ISA_USAGE = YES_ERROR;
				CLANG_WARN_EMPTY_BODY = YES;
				CLANG_WARN_ENUM_CONVERSION = YES;
				CLANG_WARN_INT_CONVERSION = YES;
				CLANG_WARN_OBJC_ROOT_CLASS = YES_ERROR;
				CLANG_WARN_UNREACHABLE_CODE = YES;
				CLANG_WARN__DUPLICATE_METHOD_MATCH = YES;
				"CODE_SIGN_IDENTITY[sdk=iphoneos*]" = "iPhone Developer";
				COPY_PHASE_STRIP = NO;
				DEBUG_INFORMATION_FORMAT = "dwarf-with-dsym";
				ENABLE_STRICT_OBJC_MSGSEND = YES;
				GCC_C_LANGUAGE_STANDARD = gnu99;
				GCC_DYNAMIC_NO_PIC = NO;
				GCC_NO_COMMON_BLOCKS = YES;
				GCC_OPTIMIZATION_LEVEL = 0;
				GCC_PREPROCESSOR_DEFINITIONS = (
					"DEBUG=1",
					"$(inherited)",
				);
				GCC_SYMBOLS_PRIVATE_EXTERN = NO;
				GCC_WARN_64_TO_32_BIT_CONVERSION = YES;
				GCC_WARN_ABOUT_RETURN_TYPE = YES_ERROR;
				GCC_WARN_UNDECLARED_SELECTOR = YES;
				GCC_WARN_UNINITIALIZED_AUTOS = YES_AGGRESSIVE;
				GCC_WARN_UNUSED_FUNCTION = YES;
				GCC_WARN_UNUSED_VARIABLE = YES;
				IPHONEOS_DEPLOYMENT_TARGET = 8.3;
				MTL_ENABLE_DEBUG_INFO = YES;
				ONLY_ACTIVE_ARCH = YES;
				SDKROOT = iphoneos;
			};
			name = Debug;
		};
		278BDF2C1B43A4560093E5C2 /* Release */ = {
			isa = XCBuildConfiguration;
			buildSettings = {
				ALWAYS_SEARCH_USER_PATHS = NO;
				CLANG_CXX_LANGUAGE_STANDARD = "gnu++0x";
				CLANG_CXX_LIBRARY = "libc++";
				CLANG_ENABLE_MODULES = YES;
				CLANG_ENABLE_OBJC_ARC = YES;
				CLANG_WARN_BOOL_CONVERSION = YES;
				CLANG_WARN_CONSTANT_CONVERSION = YES;
				CLANG_WARN_DIRECT_OBJC_ISA_USAGE = YES_ERROR;
				CLANG_WARN_EMPTY_BODY = YES;
				CLANG_WARN_ENUM_CONVERSION = YES;
				CLANG_WARN_INT_CONVERSION = YES;
				CLANG_WARN_OBJC_ROOT_CLASS = YES_ERROR;
				CLANG_WARN_UNREACHABLE_CODE = YES;
				CLANG_WARN__DUPLICATE_METHOD_MATCH = YES;
				"CODE_SIGN_IDENTITY[sdk=iphoneos*]" = "iPhone Developer";
				COPY_PHASE_STRIP = NO;
				DEBUG_INFORMATION_FORMAT = "dwarf-with-dsym";
				ENABLE_NS_ASSERTIONS = NO;
				ENABLE_STRICT_OBJC_MSGSEND = YES;
				GCC_C_LANGUAGE_STANDARD = gnu99;
				GCC_NO_COMMON_BLOCKS = YES;
				GCC_WARN_64_TO_32_BIT_CONVERSION = YES;
				GCC_WARN_ABOUT_RETURN_TYPE = YES_ERROR;
				GCC_WARN_UNDECLARED_SELECTOR = YES;
				GCC_WARN_UNINITIALIZED_AUTOS = YES_AGGRESSIVE;
				GCC_WARN_UNUSED_FUNCTION = YES;
				GCC_WARN_UNUSED_VARIABLE = YES;
				IPHONEOS_DEPLOYMENT_TARGET = 8.3;
				MTL_ENABLE_DEBUG_INFO = NO;
				SDKROOT = iphoneos;
				VALIDATE_PRODUCT = YES;
			};
			name = Release;
		};
		278BDF2E1B43A4560093E5C2 /* Debug */ = {
			isa = XCBuildConfiguration;
			buildSettings = {
				ASSETCATALOG_COMPILER_APPICON_NAME = AppIcon;
				INFOPLIST_FILE = "@_@/Info.plist";
				LD_RUNPATH_SEARCH_PATHS = "$(inherited) @executable_path/Frameworks";
				PRODUCT_NAME = "$(TARGET_NAME)";
			};
			name = Debug;
		};
		278BDF2F1B43A4560093E5C2 /* Release */ = {
			isa = XCBuildConfiguration;
			buildSettings = {
				ASSETCATALOG_COMPILER_APPICON_NAME = AppIcon;
				INFOPLIST_FILE = "@_@/Info.plist";
				LD_RUNPATH_SEARCH_PATHS = "$(inherited) @executable_path/Frameworks";
				PRODUCT_NAME = "$(TARGET_NAME)";
			};
			name = Release;
		};
		278BDF311B43A4560093E5C2 /* Debug */ = {
			isa = XCBuildConfiguration;
			buildSettings = {
				BUNDLE_LOADER = "$(TEST_HOST)";
				FRAMEWORK_SEARCH_PATHS = (
					"$(SDKROOT)/Developer/Library/Frameworks",
					"$(inherited)",
				);
				GCC_PREPROCESSOR_DEFINITIONS = (
					"DEBUG=1",
					"$(inherited)",
				);
				INFOPLIST_FILE = "@_@Tests/Info.plist";
				LD_RUNPATH_SEARCH_PATHS = "$(inherited) @executable_path/Frameworks @loader_path/Frameworks";
				PRODUCT_NAME = "$(TARGET_NAME)";
				TEST_HOST = "$(BUILT_PRODUCTS_DIR)/@_@.app/@_@";
			};
			name = Debug;
		};
		278BDF321B43A4560093E5C2 /* Release */ = {
			isa = XCBuildConfiguration;
			buildSettings = {
				BUNDLE_LOADER = "$(TEST_HOST)";
				FRAMEWORK_SEARCH_PATHS = (
					"$(SDKROOT)/Developer/Library/Frameworks",
					"$(inherited)",
				);
				INFOPLIST_FILE = "@_@Tests/Info.plist";
				LD_RUNPATH_SEARCH_PATHS = "$(inherited) @executable_path/Frameworks @loader_path/Frameworks";
				PRODUCT_NAME = "$(TARGET_NAME)";
				TEST_HOST = "$(BUILT_PRODUCTS_DIR)/@_@.app/@_@";
			};
			name = Release;
		};
/* End XCBuildConfiguration section */

/* Begin XCConfigurationList section */
		278BDF051B43A4560093E5C2 /* Build configuration list for PBXProject "@_@" */ = {
			isa = XCConfigurationList;
			buildConfigurations = (
				278BDF2B1B43A4560093E5C2 /* Debug */,
				278BDF2C1B43A4560093E5C2 /* Release */,
			);
			defaultConfigurationIsVisible = 0;
			defaultConfigurationName = Release;
		};
		278BDF2D1B43A4560093E5C2 /* Build configuration list for PBXNativeTarget "@_@" */ = {
			isa = XCConfigurationList;
			buildConfigurations = (
				278BDF2E1B43A4560093E5C2 /* Debug */,
				278BDF2F1B43A4560093E5C2 /* Release */,
			);
			defaultConfigurationIsVisible = 0;
		};
		278BDF301B43A4560093E5C2 /* Build configuration list for PBXNativeTarget "@_@Tests" */ = {
			isa = XCConfigurationList;
			buildConfigurations = (
				278BDF311B43A4560093E5C2 /* Debug */,
				278BDF321B43A4560093E5C2 /* Release */,
			);
			defaultConfigurationIsVisible = 0;
		};
/* End XCConfigurationList section */
	};
	rootObject = 278BDF021B43A4560093E5C2 /* Project object */;
}
